// !$*UTF8*$!
{
	archiveVersion = 1;
	classes = {
	};
	objectVersion = 48;
	objects = {

/* Begin PBXBuildFile section */
		1C8C903FF892B63F4EEAD5BC /* Pods_DLNACast.framework in Frameworks */ = {isa = PBXBuildFile; fileRef = 135C6A0E2ECC4A472DCF8A11 /* Pods_DLNACast.framework */; };
		6D2C76291F0FBD4200EF1679 /* DLNAService.swift in Sources */ = {isa = PBXBuildFile; fileRef = 6D2C76281F0FBD4200EF1679 /* DLNAService.swift */; };
		6D2C762B1F0FBFF900EF1679 /* DLNADevice.swift in Sources */ = {isa = PBXBuildFile; fileRef = 6D2C762A1F0FBFF900EF1679 /* DLNADevice.swift */; };
		6D2C762F1F10B88F00EF1679 /* SOAPAction.swift in Sources */ = {isa = PBXBuildFile; fileRef = 6D2C762E1F10B88F00EF1679 /* SOAPAction.swift */; };
		6D2C76311F10E57900EF1679 /* action.xml in Resources */ = {isa = PBXBuildFile; fileRef = 6D2C76301F10E57900EF1679 /* action.xml */; };
		6D2C76331F10F34A00EF1679 /* meta.xml in Resources */ = {isa = PBXBuildFile; fileRef = 6D2C76321F10F26900EF1679 /* meta.xml */; };
		6D6823821F0EB66B00FE6AF5 /* AppDelegate.swift in Sources */ = {isa = PBXBuildFile; fileRef = 6D6823811F0EB66B00FE6AF5 /* AppDelegate.swift */; };
		6D6823841F0EB66B00FE6AF5 /* ViewController.swift in Sources */ = {isa = PBXBuildFile; fileRef = 6D6823831F0EB66B00FE6AF5 /* ViewController.swift */; };
		6D6823861F0EB66B00FE6AF5 /* Assets.xcassets in Resources */ = {isa = PBXBuildFile; fileRef = 6D6823851F0EB66B00FE6AF5 /* Assets.xcassets */; };
		6D6823C61F0F91F900FE6AF5 /* MainMenu.xib in Resources */ = {isa = PBXBuildFile; fileRef = 6D6823C51F0F91F900FE6AF5 /* MainMenu.xib */; };
/* End PBXBuildFile section */

/* Begin PBXFileReference section */
		135C6A0E2ECC4A472DCF8A11 /* Pods_DLNACast.framework */ = {isa = PBXFileReference; explicitFileType = wrapper.framework; includeInIndex = 0; path = Pods_DLNACast.framework; sourceTree = BUILT_PRODUCTS_DIR; };
		2CFBB63898D1B3B1A61768E1 /* Pods-DLNACast.release.xcconfig */ = {isa = PBXFileReference; includeInIndex = 1; lastKnownFileType = text.xcconfig; name = "Pods-DLNACast.release.xcconfig"; path = "Pods/Target Support Files/Pods-DLNACast/Pods-DLNACast.release.xcconfig"; sourceTree = "<group>"; };
		6D2C76281F0FBD4200EF1679 /* DLNAService.swift */ = {isa = PBXFileReference; lastKnownFileType = sourcecode.swift; path = DLNAService.swift; sourceTree = "<group>"; };
		6D2C762A1F0FBFF900EF1679 /* DLNADevice.swift */ = {isa = PBXFileReference; lastKnownFileType = sourcecode.swift; path = DLNADevice.swift; sourceTree = "<group>"; };
		6D2C762E1F10B88F00EF1679 /* SOAPAction.swift */ = {isa = PBXFileReference; lastKnownFileType = sourcecode.swift; path = SOAPAction.swift; sourceTree = "<group>"; };
		6D2C76301F10E57900EF1679 /* action.xml */ = {isa = PBXFileReference; lastKnownFileType = text.xml; path = action.xml; sourceTree = "<group>"; };
		6D2C76321F10F26900EF1679 /* meta.xml */ = {isa = PBXFileReference; lastKnownFileType = text.xml; path = meta.xml; sourceTree = "<group>"; };
		6D68237E1F0EB66B00FE6AF5 /* DLNACast.app */ = {isa = PBXFileReference; explicitFileType = wrapper.application; includeInIndex = 0; path = DLNACast.app; sourceTree = BUILT_PRODUCTS_DIR; };
		6D6823811F0EB66B00FE6AF5 /* AppDelegate.swift */ = {isa = PBXFileReference; lastKnownFileType = sourcecode.swift; path = AppDelegate.swift; sourceTree = "<group>"; };
		6D6823831F0EB66B00FE6AF5 /* ViewController.swift */ = {isa = PBXFileReference; lastKnownFileType = sourcecode.swift; path = ViewController.swift; sourceTree = "<group>"; };
		6D6823851F0EB66B00FE6AF5 /* Assets.xcassets */ = {isa = PBXFileReference; lastKnownFileType = folder.assetcatalog; path = Assets.xcassets; sourceTree = "<group>"; };
		6D68238A1F0EB66B00FE6AF5 /* Info.plist */ = {isa = PBXFileReference; lastKnownFileType = text.plist.xml; path = Info.plist; sourceTree = "<group>"; };
		6D68238B1F0EB66B00FE6AF5 /* DLNACast.entitlements */ = {isa = PBXFileReference; lastKnownFileType = text.plist.entitlements; path = DLNACast.entitlements; sourceTree = "<group>"; };
		6D6823C51F0F91F900FE6AF5 /* MainMenu.xib */ = {isa = PBXFileReference; lastKnownFileType = file.xib; path = MainMenu.xib; sourceTree = "<group>"; };
		BE21000D93C45384488B711A /* Pods-DLNACast.debug.xcconfig */ = {isa = PBXFileReference; includeInIndex = 1; lastKnownFileType = text.xcconfig; name = "Pods-DLNACast.debug.xcconfig"; path = "Pods/Target Support Files/Pods-DLNACast/Pods-DLNACast.debug.xcconfig"; sourceTree = "<group>"; };
/* End PBXFileReference section */

/* Begin PBXFrameworksBuildPhase section */
		6D68237B1F0EB66B00FE6AF5 /* Frameworks */ = {
			isa = PBXFrameworksBuildPhase;
			buildActionMask = 2147483647;
			files = (
				1C8C903FF892B63F4EEAD5BC /* Pods_DLNACast.framework in Frameworks */,
			);
			runOnlyForDeploymentPostprocessing = 0;
		};
/* End PBXFrameworksBuildPhase section */

/* Begin PBXGroup section */
		6D6823751F0EB66B00FE6AF5 = {
			isa = PBXGroup;
			children = (
				6D6823801F0EB66B00FE6AF5 /* DLNACast */,
				6D68237F1F0EB66B00FE6AF5 /* Products */,
				B0143301561B27D7BA69942F /* Pods */,
				E97FBF92B04312C8767D6958 /* Frameworks */,
			);
			sourceTree = "<group>";
		};
		6D68237F1F0EB66B00FE6AF5 /* Products */ = {
			isa = PBXGroup;
			children = (
				6D68237E1F0EB66B00FE6AF5 /* DLNACast.app */,
			);
			name = Products;
			sourceTree = "<group>";
		};
		6D6823801F0EB66B00FE6AF5 /* DLNACast */ = {
			isa = PBXGroup;
			children = (
				6D6823811F0EB66B00FE6AF5 /* AppDelegate.swift */,
				6D6823831F0EB66B00FE6AF5 /* ViewController.swift */,
				6D2C76281F0FBD4200EF1679 /* DLNAService.swift */,
				6D2C762A1F0FBFF900EF1679 /* DLNADevice.swift */,
				6D2C762E1F10B88F00EF1679 /* SOAPAction.swift */,
				6D6823C51F0F91F900FE6AF5 /* MainMenu.xib */,
				6D6823851F0EB66B00FE6AF5 /* Assets.xcassets */,
				6D68238A1F0EB66B00FE6AF5 /* Info.plist */,
				6D68238B1F0EB66B00FE6AF5 /* DLNACast.entitlements */,
				6D2C76301F10E57900EF1679 /* action.xml */,
				6D2C76321F10F26900EF1679 /* meta.xml */,
			);
			path = DLNACast;
			sourceTree = "<group>";
		};
		B0143301561B27D7BA69942F /* Pods */ = {
			isa = PBXGroup;
			children = (
				BE21000D93C45384488B711A /* Pods-DLNACast.debug.xcconfig */,
				2CFBB63898D1B3B1A61768E1 /* Pods-DLNACast.release.xcconfig */,
			);
			name = Pods;
			sourceTree = "<group>";
		};
		E97FBF92B04312C8767D6958 /* Frameworks */ = {
			isa = PBXGroup;
			children = (
				135C6A0E2ECC4A472DCF8A11 /* Pods_DLNACast.framework */,
			);
			name = Frameworks;
			sourceTree = "<group>";
		};
/* End PBXGroup section */

/* Begin PBXNativeTarget section */
		6D68237D1F0EB66B00FE6AF5 /* DLNACast */ = {
			isa = PBXNativeTarget;
			buildConfigurationList = 6D68238E1F0EB66B00FE6AF5 /* Build configuration list for PBXNativeTarget "DLNACast" */;
			buildPhases = (
				6C0DDB0FB3F0FB52DDAE1C17 /* [CP] Check Pods Manifest.lock */,
				6D68237A1F0EB66B00FE6AF5 /* Sources */,
				6D68237B1F0EB66B00FE6AF5 /* Frameworks */,
				6D68237C1F0EB66B00FE6AF5 /* Resources */,
				F84BD0D0C935A47E239339A1 /* [CP] Embed Pods Frameworks */,
				1EB941D3D157AB72A06689E0 /* [CP] Copy Pods Resources */,
			);
			buildRules = (
			);
			dependencies = (
			);
			name = DLNACast;
			productName = DLNACast;
			productReference = 6D68237E1F0EB66B00FE6AF5 /* DLNACast.app */;
			productType = "com.apple.product-type.application";
		};
/* End PBXNativeTarget section */

/* Begin PBXProject section */
		6D6823761F0EB66B00FE6AF5 /* Project object */ = {
			isa = PBXProject;
			attributes = {
				LastSwiftUpdateCheck = 0900;
				LastUpgradeCheck = 0900;
				ORGANIZATIONNAME = 0x5e;
				TargetAttributes = {
					6D68237D1F0EB66B00FE6AF5 = {
						CreatedOnToolsVersion = 9.0;
					};
				};
			};
			buildConfigurationList = 6D6823791F0EB66B00FE6AF5 /* Build configuration list for PBXProject "DLNACast" */;
			compatibilityVersion = "Xcode 8.0";
			developmentRegion = en;
			hasScannedForEncodings = 0;
			knownRegions = (
				en,
				Base,
			);
			mainGroup = 6D6823751F0EB66B00FE6AF5;
			productRefGroup = 6D68237F1F0EB66B00FE6AF5 /* Products */;
			projectDirPath = "";
			projectRoot = "";
			targets = (
				6D68237D1F0EB66B00FE6AF5 /* DLNACast */,
			);
		};
/* End PBXProject section */

/* Begin PBXResourcesBuildPhase section */
		6D68237C1F0EB66B00FE6AF5 /* Resources */ = {
			isa = PBXResourcesBuildPhase;
			buildActionMask = 2147483647;
			files = (
				6D6823861F0EB66B00FE6AF5 /* Assets.xcassets in Resources */,
				6D6823C61F0F91F900FE6AF5 /* MainMenu.xib in Resources */,
				6D2C76311F10E57900EF1679 /* action.xml in Resources */,
				6D2C76331F10F34A00EF1679 /* meta.xml in Resources */,
			);
			runOnlyForDeploymentPostprocessing = 0;
		};
/* End PBXResourcesBuildPhase section */

/* Begin PBXShellScriptBuildPhase section */
		1EB941D3D157AB72A06689E0 /* [CP] Copy Pods Resources */ = {
			isa = PBXShellScriptBuildPhase;
			buildActionMask = 2147483647;
			files = (
			);
			inputPaths = (
			);
			name = "[CP] Copy Pods Resources";
			outputPaths = (
			);
			runOnlyForDeploymentPostprocessing = 0;
			shellPath = /bin/sh;
			shellScript = "\"${SRCROOT}/Pods/Target Support Files/Pods-DLNACast/Pods-DLNACast-resources.sh\"\n";
			showEnvVarsInLog = 0;
		};
		6C0DDB0FB3F0FB52DDAE1C17 /* [CP] Check Pods Manifest.lock */ = {
			isa = PBXShellScriptBuildPhase;
			buildActionMask = 2147483647;
			files = (
			);
			inputPaths = (
			);
			name = "[CP] Check Pods Manifest.lock";
			outputPaths = (
			);
			runOnlyForDeploymentPostprocessing = 0;
			shellPath = /bin/sh;
			shellScript = "diff \"${PODS_PODFILE_DIR_PATH}/Podfile.lock\" \"${PODS_ROOT}/Manifest.lock\" > /dev/null\nif [ $? != 0 ] ; then\n    # print error to STDERR\n    echo \"error: The sandbox is not in sync with the Podfile.lock. Run 'pod install' or update your CocoaPods installation.\" >&2\n    exit 1\nfi\n";
			showEnvVarsInLog = 0;
		};
		F84BD0D0C935A47E239339A1 /* [CP] Embed Pods Frameworks */ = {
			isa = PBXShellScriptBuildPhase;
			buildActionMask = 2147483647;
			files = (
			);
			inputPaths = (
			);
			name = "[CP] Embed Pods Frameworks";
			outputPaths = (
			);
			runOnlyForDeploymentPostprocessing = 0;
			shellPath = /bin/sh;
			shellScript = "\"${SRCROOT}/Pods/Target Support Files/Pods-DLNACast/Pods-DLNACast-frameworks.sh\"\n";
			showEnvVarsInLog = 0;
		};
/* End PBXShellScriptBuildPhase section */

/* Begin PBXSourcesBuildPhase section */
		6D68237A1F0EB66B00FE6AF5 /* Sources */ = {
			isa = PBXSourcesBuildPhase;
			buildActionMask = 2147483647;
			files = (
				6D2C76291F0FBD4200EF1679 /* DLNAService.swift in Sources */,
				6D6823841F0EB66B00FE6AF5 /* ViewController.swift in Sources */,
				6D2C762F1F10B88F00EF1679 /* SOAPAction.swift in Sources */,
				6D2C762B1F0FBFF900EF1679 /* DLNADevice.swift in Sources */,
				6D6823821F0EB66B00FE6AF5 /* AppDelegate.swift in Sources */,
			);
			runOnlyForDeploymentPostprocessing = 0;
		};
/* End PBXSourcesBuildPhase section */

/* Begin XCBuildConfiguration section */
		6D68238C1F0EB66B00FE6AF5 /* Debug */ = {
			isa = XCBuildConfiguration;
			buildSettings = {
				ALWAYS_SEARCH_USER_PATHS = NO;
				CLANG_ANALYZER_NONNULL = YES;
				CLANG_ANALYZER_NUMBER_OBJECT_CONVERSION = YES_AGGRESSIVE;
				CLANG_CXX_LANGUAGE_STANDARD = "gnu++14";
				CLANG_CXX_LIBRARY = "libc++";
				CLANG_ENABLE_MODULES = YES;
				CLANG_ENABLE_OBJC_ARC = YES;
				CLANG_WARN_BLOCK_CAPTURE_AUTORELEASING = YES;
				CLANG_WARN_BOOL_CONVERSION = YES;
				CLANG_WARN_COMMA = YES;
				CLANG_WARN_CONSTANT_CONVERSION = YES;
				CLANG_WARN_DIRECT_OBJC_ISA_USAGE = YES_ERROR;
				CLANG_WARN_DOCUMENTATION_COMMENTS = YES;
				CLANG_WARN_EMPTY_BODY = YES;
				CLANG_WARN_ENUM_CONVERSION = YES;
				CLANG_WARN_INFINITE_RECURSION = YES;
				CLANG_WARN_INT_CONVERSION = YES;
				CLANG_WARN_OBJC_ROOT_CLASS = YES_ERROR;
				CLANG_WARN_RANGE_LOOP_ANALYSIS = YES;
				CLANG_WARN_STRICT_PROTOTYPES = YES;
				CLANG_WARN_SUSPICIOUS_MOVE = YES;
				CLANG_WARN_UNGUARDED_AVAILABILITY = YES_AGGRESSIVE;
				CLANG_WARN_UNREACHABLE_CODE = YES;
				CLANG_WARN__DUPLICATE_METHOD_MATCH = YES;
				CODE_SIGN_IDENTITY = "Mac Developer";
				COPY_PHASE_STRIP = NO;
				DEBUG_INFORMATION_FORMAT = dwarf;
				ENABLE_STRICT_OBJC_MSGSEND = YES;
				ENABLE_TESTABILITY = YES;
				GCC_C_LANGUAGE_STANDARD = gnu11;
				GCC_DYNAMIC_NO_PIC = NO;
				GCC_NO_COMMON_BLOCKS = YES;
				GCC_OPTIMIZATION_LEVEL = 0;
				GCC_PREPROCESSOR_DEFINITIONS = (
					"DEBUG=1",
					"$(inherited)",
				);
				GCC_WARN_64_TO_32_BIT_CONVERSION = YES;
				GCC_WARN_ABOUT_RETURN_TYPE = YES_ERROR;
				GCC_WARN_UNDECLARED_SELECTOR = YES;
				GCC_WARN_UNINITIALIZED_AUTOS = YES_AGGRESSIVE;
				GCC_WARN_UNUSED_FUNCTION = YES;
				GCC_WARN_UNUSED_VARIABLE = YES;
				MACOSX_DEPLOYMENT_TARGET = 10.12;
				MTL_ENABLE_DEBUG_INFO = YES;
				ONLY_ACTIVE_ARCH = YES;
				SDKROOT = macosx;
				SWIFT_ACTIVE_COMPILATION_CONDITIONS = DEBUG;
				SWIFT_OPTIMIZATION_LEVEL = "-Onone";
				SWIFT_VERSION = "";
			};
			name = Debug;
		};
		6D68238D1F0EB66B00FE6AF5 /* Release */ = {
			isa = XCBuildConfiguration;
			buildSettings = {
				ALWAYS_SEARCH_USER_PATHS = NO;
				CLANG_ANALYZER_NONNULL = YES;
				CLANG_ANALYZER_NUMBER_OBJECT_CONVERSION = YES_AGGRESSIVE;
				CLANG_CXX_LANGUAGE_STANDARD = "gnu++14";
				CLANG_CXX_LIBRARY = "libc++";
				CLANG_ENABLE_MODULES = YES;
				CLANG_ENABLE_OBJC_ARC = YES;
				CLANG_WARN_BLOCK_CAPTURE_AUTORELEASING = YES;
				CLANG_WARN_BOOL_CONVERSION = YES;
				CLANG_WARN_COMMA = YES;
				CLANG_WARN_CONSTANT_CONVERSION = YES;
				CLANG_WARN_DIRECT_OBJC_ISA_USAGE = YES_ERROR;
				CLANG_WARN_DOCUMENTATION_COMMENTS = YES;
				CLANG_WARN_EMPTY_BODY = YES;
				CLANG_WARN_ENUM_CONVERSION = YES;
				CLANG_WARN_INFINITE_RECURSION = YES;
				CLANG_WARN_INT_CONVERSION = YES;
				CLANG_WARN_OBJC_ROOT_CLASS = YES_ERROR;
				CLANG_WARN_RANGE_LOOP_ANALYSIS = YES;
				CLANG_WARN_STRICT_PROTOTYPES = YES;
				CLANG_WARN_SUSPICIOUS_MOVE = YES;
				CLANG_WARN_UNGUARDED_AVAILABILITY = YES_AGGRESSIVE;
				CLANG_WARN_UNREACHABLE_CODE = YES;
				CLANG_WARN__DUPLICATE_METHOD_MATCH = YES;
				CODE_SIGN_IDENTITY = "Mac Developer";
				COPY_PHASE_STRIP = NO;
				DEBUG_INFORMATION_FORMAT = "dwarf-with-dsym";
				ENABLE_NS_ASSERTIONS = NO;
				ENABLE_STRICT_OBJC_MSGSEND = YES;
				GCC_C_LANGUAGE_STANDARD = gnu11;
				GCC_NO_COMMON_BLOCKS = YES;
				GCC_WARN_64_TO_32_BIT_CONVERSION = YES;
				GCC_WARN_ABOUT_RETURN_TYPE = YES_ERROR;
				GCC_WARN_UNDECLARED_SELECTOR = YES;
				GCC_WARN_UNINITIALIZED_AUTOS = YES_AGGRESSIVE;
				GCC_WARN_UNUSED_FUNCTION = YES;
				GCC_WARN_UNUSED_VARIABLE = YES;
				MACOSX_DEPLOYMENT_TARGET = 10.12;
				MTL_ENABLE_DEBUG_INFO = NO;
				SDKROOT = macosx;
				SWIFT_OPTIMIZATION_LEVEL = "-Owholemodule";
				SWIFT_VERSION = "";
			};
			name = Release;
		};
		6D68238F1F0EB66B00FE6AF5 /* Debug */ = {
			isa = XCBuildConfiguration;
			baseConfigurationReference = BE21000D93C45384488B711A /* Pods-DLNACast.debug.xcconfig */;
			buildSettings = {
				ASSETCATALOG_COMPILER_APPICON_NAME = AppIcon;
				CODE_SIGN_ENTITLEMENTS = DLNACast/DLNACast.entitlements;
				COMBINE_HIDPI_IMAGES = YES;
				DEVELOPMENT_TEAM = DZ746LP8SZ;
				INFOPLIST_FILE = DLNACast/Info.plist;
				LD_RUNPATH_SEARCH_PATHS = "$(inherited) @executable_path/../Frameworks";
				PRODUCT_BUNDLE_IDENTIFIER = com.0x5e.DLNACast;
				PRODUCT_NAME = "$(TARGET_NAME)";
				SWIFT_VERSION = 4.0;
			};
			name = Debug;
		};
		6D6823901F0EB66B00FE6AF5 /* Release */ = {
			isa = XCBuildConfiguration;
			baseConfigurationReference = 2CFBB63898D1B3B1A61768E1 /* Pods-DLNACast.release.xcconfig */;
			buildSettings = {
				ASSETCATALOG_COMPILER_APPICON_NAME = AppIcon;
				CODE_SIGN_ENTITLEMENTS = DLNACast/DLNACast.entitlements;
				COMBINE_HIDPI_IMAGES = YES;
				DEVELOPMENT_TEAM = DZ746LP8SZ;
				INFOPLIST_FILE = DLNACast/Info.plist;
				LD_RUNPATH_SEARCH_PATHS = "$(inherited) @executable_path/../Frameworks";
				PRODUCT_BUNDLE_IDENTIFIER = com.0x5e.DLNACast;
				PRODUCT_NAME = "$(TARGET_NAME)";
				SWIFT_VERSION = 4.0;
			};
			name = Release;
		};
/* End XCBuildConfiguration section */

/* Begin XCConfigurationList section */
		6D6823791F0EB66B00FE6AF5 /* Build configuration list for PBXProject "DLNACast" */ = {
			isa = XCConfigurationList;
			buildConfigurations = (
				6D68238C1F0EB66B00FE6AF5 /* Debug */,
				6D68238D1F0EB66B00FE6AF5 /* Release */,
			);
			defaultConfigurationIsVisible = 0;
			defaultConfigurationName = Release;
		};
		6D68238E1F0EB66B00FE6AF5 /* Build configuration list for PBXNativeTarget "DLNACast" */ = {
			isa = XCConfigurationList;
			buildConfigurations = (
				6D68238F1F0EB66B00FE6AF5 /* Debug */,
				6D6823901F0EB66B00FE6AF5 /* Release */,
			);
			defaultConfigurationIsVisible = 0;
			defaultConfigurationName = Release;
		};
/* End XCConfigurationList section */
	};
	rootObject = 6D6823761F0EB66B00FE6AF5 /* Project object */;
}
